
Microsoft Visual Studio Solution File, Format Version 12.00
# Visual Studio 15
VisualStudioVersion = 15.0.28307.271
MinimumVisualStudioVersion = 10.0.40219.1
Project("{FAE04EC0-301F-11D3-BF4B-00C04F79EFBC}") = "MoviesCupApp.Android", "MoviesCupApp\MoviesCupApp.Android\MoviesCupApp.Android.csproj", "{3DE432E4-4C02-4CEA-8C8E-0B9FE91ECD15}"
EndProject
Project("{FAE04EC0-301F-11D3-BF4B-00C04F79EFBC}") = "MoviesCupApp.iOS", "MoviesCupApp\MoviesCupApp.iOS\MoviesCupApp.iOS.csproj", "{A0209129-D308-4486-8D0E-215ACD214C44}"
EndProject
Project("{9A19103F-16F7-4668-BE54-9A1E7A4F7556}") = "MoviesCupApp", "MoviesCupApp\MoviesCupApp\MoviesCupApp.csproj", "{A16FEFAF-2975-41F4-96EA-B8D0FAAD40DE}"
EndProject
Global
	GlobalSection(SolutionConfigurationPlatforms) = preSolution
		Ad-Hoc|Any CPU = Ad-Hoc|Any CPU
		Ad-Hoc|iPhone = Ad-Hoc|iPhone
		Ad-Hoc|iPhoneSimulator = Ad-Hoc|iPhoneSimulator
		AppStore|Any CPU = AppStore|Any CPU
		AppStore|iPhone = AppStore|iPhone
		AppStore|iPhoneSimulator = AppStore|iPhoneSimulator
		Debug|Any CPU = Debug|Any CPU
		Debug|iPhone = Debug|iPhone
		Debug|iPhoneSimulator = Debug|iPhoneSimulator
		Release|Any CPU = Release|Any CPU
		Release|iPhone = Release|iPhone
		Release|iPhoneSimulator = Release|iPhoneSimulator
	EndGlobalSection
	GlobalSection(ProjectConfigurationPlatforms) = postSolution
		{3DE432E4-4C02-4CEA-8C8E-0B9FE91ECD15}.Ad-Hoc|Any CPU.ActiveCfg = Release|Any CPU
		{3DE432E4-4C02-4CEA-8C8E-0B9FE91ECD15}.Ad-Hoc|Any CPU.Build.0 = Release|Any CPU
		{3DE432E4-4C02-4CEA-8C8E-0B9FE91ECD15}.Ad-Hoc|Any CPU.Deploy.0 = Release|Any CPU
		{3DE432E4-4C02-4CEA-8C8E-0B9FE91ECD15}.Ad-Hoc|iPhone.ActiveCfg = Release|Any CPU
		{3DE432E4-4C02-4CEA-8C8E-0B9FE91ECD15}.Ad-Hoc|iPhone.Build.0 = Release|Any CPU
		{3DE432E4-4C02-4CEA-8C8E-0B9FE91ECD15}.Ad-Hoc|iPhone.Deploy.0 = Release|Any CPU
		{3DE432E4-4C02-4CEA-8C8E-0B9FE91ECD15}.Ad-Hoc|iPhoneSimulator.ActiveCfg = Release|Any CPU
		{3DE432E4-4C02-4CEA-8C8E-0B9FE91ECD15}.Ad-Hoc|iPhoneSimulator.Build.0 = Release|Any CPU
		{3DE432E4-4C02-4CEA-8C8E-0B9FE91ECD15}.Ad-Hoc|iPhoneSimulator.Deploy.0 = Release|Any CPU
		{3DE432E4-4C02-4CEA-8C8E-0B9FE91ECD15}.AppStore|Any CPU.ActiveCfg = Release|Any CPU
		{3DE432E4-4C02-4CEA-8C8E-0B9FE91ECD15}.AppStore|Any CPU.Build.0 = Release|Any CPU
		{3DE432E4-4C02-4CEA-8C8E-0B9FE91ECD15}.AppStore|Any CPU.Deploy.0 = Release|Any CPU
		{3DE432E4-4C02-4CEA-8C8E-0B9FE91ECD15}.AppStore|iPhone.ActiveCfg = Release|Any CPU
		{3DE432E4-4C02-4CEA-8C8E-0B9FE91ECD15}.AppStore|iPhone.Build.0 = Release|Any CPU
		{3DE432E4-4C02-4CEA-8C8E-0B9FE91ECD15}.AppStore|iPhone.Deploy.0 = Release|Any CPU
		{3DE432E4-4C02-4CEA-8C8E-0B9FE91ECD15}.AppStore|iPhoneSimulator.ActiveCfg = Release|Any CPU
		{3DE432E4-4C02-4CEA-8C8E-0B9FE91ECD15}.AppStore|iPhoneSimulator.Build.0 = Release|Any CPU
		{3DE432E4-4C02-4CEA-8C8E-0B9FE91ECD15}.AppStore|iPhoneSimulator.Deploy.0 = Release|Any CPU
		{3DE432E4-4C02-4CEA-8C8E-0B9FE91ECD15}.Debug|Any CPU.ActiveCfg = Debug|Any CPU
		{3DE432E4-4C02-4CEA-8C8E-0B9FE91ECD15}.Debug|Any CPU.Build.0 = Debug|Any CPU
		{3DE432E4-4C02-4CEA-8C8E-0B9FE91ECD15}.Debug|Any CPU.Deploy.0 = Debug|Any CPU
		{3DE432E4-4C02-4CEA-8C8E-0B9FE91ECD15}.Debug|iPhone.ActiveCfg = Debug|Any CPU
		{3DE432E4-4C02-4CEA-8C8E-0B9FE91ECD15}.Debug|iPhone.Build.0 = Debug|Any CPU
		{3DE432E4-4C02-4CEA-8C8E-0B9FE91ECD15}.Debug|iPhone.Deploy.0 = Debug|Any CPU
		{3DE432E4-4C02-4CEA-8C8E-0B9FE91ECD15}.Debug|iPhoneSimulator.ActiveCfg = Debug|Any CPU
		{3DE432E4-4C02-4CEA-8C8E-0B9FE91ECD15}.Debug|iPhoneSimulator.Build.0 = Debug|Any CPU
		{3DE432E4-4C02-4CEA-8C8E-0B9FE91ECD15}.Debug|iPhoneSimulator.Deploy.0 = Debug|Any CPU
		{3DE432E4-4C02-4CEA-8C8E-0B9FE91ECD15}.Release|Any CPU.ActiveCfg = Release|Any CPU
		{3DE432E4-4C02-4CEA-8C8E-0B9FE91ECD15}.Release|Any CPU.Build.0 = Release|Any CPU
		{3DE432E4-4C02-4CEA-8C8E-0B9FE91ECD15}.Release|Any CPU.Deploy.0 = Release|Any CPU
		{3DE432E4-4C02-4CEA-8C8E-0B9FE91ECD15}.Release|iPhone.ActiveCfg = Release|Any CPU
		{3DE432E4-4C02-4CEA-8C8E-0B9FE91ECD15}.Release|iPhone.Build.0 = Release|Any CPU
		{3DE432E4-4C02-4CEA-8C8E-0B9FE91ECD15}.Release|iPhone.Deploy.0 = Release|Any CPU
		{3DE432E4-4C02-4CEA-8C8E-0B9FE91ECD15}.Release|iPhoneSimulator.ActiveCfg = Release|Any CPU
		{3DE432E4-4C02-4CEA-8C8E-0B9FE91ECD15}.Release|iPhoneSimulator.Build.0 = Release|Any CPU
		{3DE432E4-4C02-4CEA-8C8E-0B9FE91ECD15}.Release|iPhoneSimulator.Deploy.0 = Release|Any CPU
		{A0209129-D308-4486-8D0E-215ACD214C44}.Ad-Hoc|Any CPU.ActiveCfg = Ad-Hoc|iPhone
		{A0209129-D308-4486-8D0E-215ACD214C44}.Ad-Hoc|Any CPU.Build.0 = Ad-Hoc|iPhone
		{A0209129-D308-4486-8D0E-215ACD214C44}.Ad-Hoc|Any CPU.Deploy.0 = Ad-Hoc|iPhone
		{A0209129-D308-4486-8D0E-215ACD214C44}.Ad-Hoc|iPhone.ActiveCfg = Ad-Hoc|iPhone
		{A0209129-D308-4486-8D0E-215ACD214C44}.Ad-Hoc|iPhone.Build.0 = Ad-Hoc|iPhone
		{A0209129-D308-4486-8D0E-215ACD214C44}.Ad-Hoc|iPhone.Deploy.0 = Ad-Hoc|iPhone
		{A0209129-D308-4486-8D0E-215ACD214C44}.Ad-Hoc|iPhoneSimulator.ActiveCfg = Ad-Hoc|iPhoneSimulator
		{A0209129-D308-4486-8D0E-215ACD214C44}.Ad-Hoc|iPhoneSimulator.Build.0 = Ad-Hoc|iPhoneSimulator
		{A0209129-D308-4486-8D0E-215ACD214C44}.Ad-Hoc|iPhoneSimulator.Deploy.0 = Ad-Hoc|iPhoneSimulator
		{A0209129-D308-4486-8D0E-215ACD214C44}.AppStore|Any CPU.ActiveCfg = AppStore|iPhone
		{A0209129-D308-4486-8D0E-215ACD214C44}.AppStore|Any CPU.Build.0 = AppStore|iPhone
		{A0209129-D308-4486-8D0E-215ACD214C44}.AppStore|Any CPU.Deploy.0 = AppStore|iPhone
		{A0209129-D308-4486-8D0E-215ACD214C44}.AppStore|iPhone.ActiveCfg = AppStore|iPhone
		{A0209129-D308-4486-8D0E-215ACD214C44}.AppStore|iPhone.Build.0 = AppStore|iPhone
		{A0209129-D308-4486-8D0E-215ACD214C44}.AppStore|iPhone.Deploy.0 = AppStore|iPhone
		{A0209129-D308-4486-8D0E-215ACD214C44}.AppStore|iPhoneSimulator.ActiveCfg = AppStore|iPhoneSimulator
		{A0209129-D308-4486-8D0E-215ACD214C44}.AppStore|iPhoneSimulator.Build.0 = AppStore|iPhoneSimulator
		{A0209129-D308-4486-8D0E-215ACD214C44}.AppStore|iPhoneSimulator.Deploy.0 = AppStore|iPhoneSimulator
		{A0209129-D308-4486-8D0E-215ACD214C44}.Debug|Any CPU.ActiveCfg = Debug|iPhoneSimulator
		{A0209129-D308-4486-8D0E-215ACD214C44}.Debug|Any CPU.Build.0 = Debug|iPhoneSimulator
		{A0209129-D308-4486-8D0E-215ACD214C44}.Debug|Any CPU.Deploy.0 = Debug|iPhoneSimulator
		{A0209129-D308-4486-8D0E-215ACD214C44}.Debug|iPhone.ActiveCfg = Debug|iPhone
		{A0209129-D308-4486-8D0E-215ACD214C44}.Debug|iPhone.Build.0 = Debug|iPhone
		{A0209129-D308-4486-8D0E-215ACD214C44}.Debug|iPhone.Deploy.0 = Debug|iPhone
		{A0209129-D308-4486-8D0E-215ACD214C44}.Debug|iPhoneSimulator.ActiveCfg = Debug|iPhoneSimulator
		{A0209129-D308-4486-8D0E-215ACD214C44}.Debug|iPhoneSimulator.Build.0 = Debug|iPhoneSimulator
		{A0209129-D308-4486-8D0E-215ACD214C44}.Debug|iPhoneSimulator.Deploy.0 = Debug|iPhoneSimulator
		{A0209129-D308-4486-8D0E-215ACD214C44}.Release|Any CPU.ActiveCfg = Release|iPhone
		{A0209129-D308-4486-8D0E-215ACD214C44}.Release|Any CPU.Build.0 = Release|iPhone
		{A0209129-D308-4486-8D0E-215ACD214C44}.Release|Any CPU.Deploy.0 = Release|iPhone
		{A0209129-D308-4486-8D0E-215ACD214C44}.Release|iPhone.ActiveCfg = Release|iPhone
		{A0209129-D308-4486-8D0E-215ACD214C44}.Release|iPhone.Build.0 = Release|iPhone
		{A0209129-D308-4486-8D0E-215ACD214C44}.Release|iPhone.Deploy.0 = Release|iPhone
		{A0209129-D308-4486-8D0E-215ACD214C44}.Release|iPhoneSimulator.ActiveCfg = Release|iPhoneSimulator
		{A0209129-D308-4486-8D0E-215ACD214C44}.Release|iPhoneSimulator.Build.0 = Release|iPhoneSimulator
		{A0209129-D308-4486-8D0E-215ACD214C44}.Release|iPhoneSimulator.Deploy.0 = Release|iPhoneSimulator
		{A16FEFAF-2975-41F4-96EA-B8D0FAAD40DE}.Ad-Hoc|Any CPU.ActiveCfg = Debug|Any CPU
		{A16FEFAF-2975-41F4-96EA-B8D0FAAD40DE}.Ad-Hoc|Any CPU.Build.0 = Debug|Any CPU
		{A16FEFAF-2975-41F4-96EA-B8D0FAAD40DE}.Ad-Hoc|Any CPU.Deploy.0 = Debug|Any CPU
		{A16FEFAF-2975-41F4-96EA-B8D0FAAD40DE}.Ad-Hoc|iPhone.ActiveCfg = Debug|Any CPU
		{A16FEFAF-2975-41F4-96EA-B8D0FAAD40DE}.Ad-Hoc|iPhone.Build.0 = Debug|Any CPU
		{A16FEFAF-2975-41F4-96EA-B8D0FAAD40DE}.Ad-Hoc|iPhone.Deploy.0 = Debug|Any CPU
		{A16FEFAF-2975-41F4-96EA-B8D0FAAD40DE}.Ad-Hoc|iPhoneSimulator.ActiveCfg = Debug|Any CPU
		{A16FEFAF-2975-41F4-96EA-B8D0FAAD40DE}.Ad-Hoc|iPhoneSimulator.Build.0 = Debug|Any CPU
		{A16FEFAF-2975-41F4-96EA-B8D0FAAD40DE}.Ad-Hoc|iPhoneSimulator.Deploy.0 = Debug|Any CPU
		{A16FEFAF-2975-41F4-96EA-B8D0FAAD40DE}.AppStore|Any CPU.ActiveCfg = Debug|Any CPU
		{A16FEFAF-2975-41F4-96EA-B8D0FAAD40DE}.AppStore|Any CPU.Build.0 = Debug|Any CPU
		{A16FEFAF-2975-41F4-96EA-B8D0FAAD40DE}.AppStore|Any CPU.Deploy.0 = Debug|Any CPU
		{A16FEFAF-2975-41F4-96EA-B8D0FAAD40DE}.AppStore|iPhone.ActiveCfg = Debug|Any CPU
		{A16FEFAF-2975-41F4-96EA-B8D0FAAD40DE}.AppStore|iPhone.Build.0 = Debug|Any CPU
		{A16FEFAF-2975-41F4-96EA-B8D0FAAD40DE}.AppStore|iPhone.Deploy.0 = Debug|Any CPU
		{A16FEFAF-2975-41F4-96EA-B8D0FAAD40DE}.AppStore|iPhoneSimulator.ActiveCfg = Debug|Any CPU
		{A16FEFAF-2975-41F4-96EA-B8D0FAAD40DE}.AppStore|iPhoneSimulator.Build.0 = Debug|Any CPU
		{A16FEFAF-2975-41F4-96EA-B8D0FAAD40DE}.AppStore|iPhoneSimulator.Deploy.0 = Debug|Any CPU
		{A16FEFAF-2975-41F4-96EA-B8D0FAAD40DE}.Debug|Any CPU.ActiveCfg = Debug|Any CPU
		{A16FEFAF-2975-41F4-96EA-B8D0FAAD40DE}.Debug|Any CPU.Build.0 = Debug|Any CPU
		{A16FEFAF-2975-41F4-96EA-B8D0FAAD40DE}.Debug|Any CPU.Deploy.0 = Debug|Any CPU
		{A16FEFAF-2975-41F4-96EA-B8D0FAAD40DE}.Debug|iPhone.ActiveCfg = Debug|Any CPU
		{A16FEFAF-2975-41F4-96EA-B8D0FAAD40DE}.Debug|iPhone.Build.0 = Debug|Any CPU
		{A16FEFAF-2975-41F4-96EA-B8D0FAAD40DE}.Debug|iPhone.Deploy.0 = Debug|Any CPU
		{A16FEFAF-2975-41F4-96EA-B8D0FAAD40DE}.Debug|iPhoneSimulator.ActiveCfg = Debug|Any CPU
		{A16FEFAF-2975-41F4-96EA-B8D0FAAD40DE}.Debug|iPhoneSimulator.Build.0 = Debug|Any CPU
		{A16FEFAF-2975-41F4-96EA-B8D0FAAD40DE}.Debug|iPhoneSimulator.Deploy.0 = Debug|Any CPU
		{A16FEFAF-2975-41F4-96EA-B8D0FAAD40DE}.Release|Any CPU.ActiveCfg = Release|Any CPU
		{A16FEFAF-2975-41F4-96EA-B8D0FAAD40DE}.Release|Any CPU.Build.0 = Release|Any CPU
		{A16FEFAF-2975-41F4-96EA-B8D0FAAD40DE}.Release|Any CPU.Deploy.0 = Release|Any CPU
		{A16FEFAF-2975-41F4-96EA-B8D0FAAD40DE}.Release|iPhone.ActiveCfg = Release|Any CPU
		{A16FEFAF-2975-41F4-96EA-B8D0FAAD40DE}.Release|iPhone.Build.0 = Release|Any CPU
		{A16FEFAF-2975-41F4-96EA-B8D0FAAD40DE}.Release|iPhone.Deploy.0 = Release|Any CPU
		{A16FEFAF-2975-41F4-96EA-B8D0FAAD40DE}.Release|iPhoneSimulator.ActiveCfg = Release|Any CPU
		{A16FEFAF-2975-41F4-96EA-B8D0FAAD40DE}.Release|iPhoneSimulator.Build.0 = Release|Any CPU
		{A16FEFAF-2975-41F4-96EA-B8D0FAAD40DE}.Release|iPhoneSimulator.Deploy.0 = Release|Any CPU
	EndGlobalSection
	GlobalSection(SolutionProperties) = preSolution
		HideSolutionNode = FALSE
	EndGlobalSection
	GlobalSection(ExtensibilityGlobals) = postSolution
		SolutionGuid = {79CD6FCA-1480-47EA-B20A-A39D88549DC4}
	EndGlobalSection
EndGlobal
